{
  "name": "lib-change-descent",
  "lockfileVersion": 3,
  "requires": true,
  "packages": {
    "": {
      "dependencies": {
        "@huggingface/blake3-wasm": "^0.0.2"
      }
    },
    "node_modules/@huggingface/blake3-wasm": {
      "version": "0.0.2",
      "resolved": "https://registry.npmjs.org/@huggingface/blake3-wasm/-/blake3-wasm-0.0.2.tgz",
      "integrity": "sha512-EafaouNYNT9jW4odPPPOpVnpNYykK276jm50bKZitZ4wEB9np1nwRldejtXq0lEZmtxT7yUOJSPX2qpaSEJ1Pg=="
    }
  }
}
